Microsoft Visual Studio Solution File, Format Version 12.00
# Visual Studio Version 17
VisualStudioVersion = 17.8.0.0
MinimumVisualStudioVersion = 17.8.0.0
Project("{9A19103F-16F7-4668-BE54-9A1E7A4F7556}") = "dotnet.AppHost", "dotnet.AppHost\dotnet.AppHost.csproj", "{2DD0573F-EE20-4A36-85E3-4C6A57F8B380}"
EndProject
Project("{9A19103F-16F7-4668-BE54-9A1E7A4F7556}") = "dotnet.Server", "dotnet.Server\dotnet.Server.csproj", "{4FE4AD60-17B0-424D-A2AD-099A4DCB18EF}"
EndProject
Project("{54A90642-561A-4BB1-A94E-469ADEE60C69}") = "frontend", "frontend\frontend.esproj", "{03DC931C-2299-460D-B887-A4F864829EC5}"
EndProject

Global
	GlobalSection(SolutionConfigurationPlatforms) = preSolution
		Debug|Any CPU = Debug|Any CPU
		Release|Any CPU = Release|Any CPU
	EndGlobalSection
	GlobalSection(ProjectConfigurationPlatforms) = postSolution
		{2DD0573F-EE20-4A36-85E3-4C6A57F8B380}.Debug|Any CPU.ActiveCfg = Debug|Any CPU
		{2DD0573F-EE20-4A36-85E3-4C6A57F8B380}.Debug|Any CPU.Build.0 = Debug|Any CPU
		{2DD0573F-EE20-4A36-85E3-4C6A57F8B380}.Release|Any CPU.ActiveCfg = Release|Any CPU
		{2DD0573F-EE20-4A36-85E3-4C6A57F8B380}.Release|Any CPU.Build.0 = Release|Any CPU
		{4FE4AD60-17B0-424D-A2AD-099A4DCB18EF}.Debug|Any CPU.ActiveCfg = Debug|Any CPU
		{4FE4AD60-17B0-424D-A2AD-099A4DCB18EF}.Debug|Any CPU.Build.0 = Debug|Any CPU
		{4FE4AD60-17B0-424D-A2AD-099A4DCB18EF}.Release|Any CPU.ActiveCfg = Release|Any CPU
		{4FE4AD60-17B0-424D-A2AD-099A4DCB18EF}.Release|Any CPU.Build.0 = Release|Any CPU
		{03DC931C-2299-460D-B887-A4F864829EC5}.Debug|Any CPU.ActiveCfg = Debug|Any CPU
		{03DC931C-2299-460D-B887-A4F864829EC5}.Debug|Any CPU.Build.0 = Debug|Any CPU
		{03DC931C-2299-460D-B887-A4F864829EC5}.Release|Any CPU.ActiveCfg = Release|Any CPU
		{03DC931C-2299-460D-B887-A4F864829EC5}.Release|Any CPU.Build.0 = Release|Any CPU

	EndGlobalSection
	GlobalSection(SolutionProperties) = preSolution
		HideSolutionNode = FALSE
	EndGlobalSection
	GlobalSection(ExtensibilityGlobals) = postSolution
		SolutionGuid = {71138CA9-3142-4A3B-9A43-BF41C708ED08}
	EndGlobalSection
EndGlobal
